
Microsoft Visual Studio Solution File, Format Version 12.00
# Visual Studio Version 17
VisualStudioVersion = 17.5.33209.295
MinimumVisualStudioVersion = 10.0.40219.1
Project("{FAE04EC0-301F-11D3-BF4B-00C04F79EFBC}") = "Shapes", "C:\Users\New\source\repos\Shapes\Shapes\Shapes.csproj", "{537CA475-3554-41A8-8F13-1AC1A9110A44}"
EndProject
Global
	GlobalSection(SolutionConfigurationPlatforms) = preSolution
		Debug|Any CPU = Debug|Any CPU
		Release|Any CPU = Release|Any CPU
	EndGlobalSection
	GlobalSection(ProjectConfigurationPlatforms) = postSolution
		{537CA475-3554-41A8-8F13-1AC1A9110A44}.Debug|Any CPU.ActiveCfg = Debug|Any CPU
		{537CA475-3554-41A8-8F13-1AC1A9110A44}.Debug|Any CPU.Build.0 = Debug|Any CPU
		{537CA475-3554-41A8-8F13-1AC1A9110A44}.Release|Any CPU.ActiveCfg = Release|Any CPU
		{537CA475-3554-41A8-8F13-1AC1A9110A44}.Release|Any CPU.Build.0 = Release|Any CPU
	EndGlobalSection
	GlobalSection(SolutionProperties) = preSolution
		HideSolutionNode = FALSE
	EndGlobalSection
	GlobalSection(ExtensibilityGlobals) = postSolution
		SolutionGuid = {4E0E0ACC-3DE9-4319-8D43-89ED08A79A50}
	EndGlobalSection
EndGlobal
